PODS:
  - Alamofire (4.8.2)
  - Haneke (1.0.2)
  - JGProgressHUD (2.0.3)
  - Moya (13.0.0):
    - Moya/Core (= 13.0.0)
  - Moya/Core (13.0.0):
    - Alamofire (~> 4.1)
    - Result (~> 4.1)
  - Result (4.1.0)

DEPENDENCIES:
  - Haneke
  - JGProgressHUD
  - Moya

SPEC REPOS:
  https://github.com/CocoaPods/Specs.git:
    - Alamofire
    - Haneke
    - JGProgressHUD
    - Moya
    - Result

SPEC CHECKSUMS:
  Alamofire: ae5c501addb7afdbb13687d7f2f722c78734c2d3
  Haneke: 01454a67322faa0dd9d81fc0f447885044e71521
  JGProgressHUD: 12b20a8f4ffe05258f8635c1ab92816e451f904d
  Moya: 161263550064ff8a4948e8ff63137fd72a876292
  Result: bd966fac789cc6c1563440b348ab2598cc24d5c7

PODFILE CHECKSUM: 3d15e6f9f40b24cae687a4e7e08ecdd78c45a677

COCOAPODS: 1.10.0
