// !$*UTF8*$!
{
	archiveVersion = 1;
	classes = {
	};
	objectVersion = 51;
	objects = {

/* Begin PBXBuildFile section */
		46093B3ADF53A56772CFD45C /* Pods_PokedexUITests.framework in Frameworks */ = {isa = PBXBuildFile; fileRef = DEC43903F5F10C191CF74082 /* Pods_PokedexUITests.framework */; };
		A567BDB3CF27F1ED112E6C00 /* Pods_PokedexTests.framework in Frameworks */ = {isa = PBXBuildFile; fileRef = 049CAFC78A82F84420B8E340 /* Pods_PokedexTests.framework */; };
		AF4E3CB422844C2200760406 /* AppDelegate.swift in Sources */ = {isa = PBXBuildFile; fileRef = AF4E3CB322844C2200760406 /* AppDelegate.swift */; };
		AF4E3CBB22844C2500760406 /* Assets.xcassets in Resources */ = {isa = PBXBuildFile; fileRef = AF4E3CBA22844C2500760406 /* Assets.xcassets */; };
		AF4E3CBE22844C2500760406 /* LaunchScreen.storyboard in Resources */ = {isa = PBXBuildFile; fileRef = AF4E3CBC22844C2500760406 /* LaunchScreen.storyboard */; };
		AF4E3CC922844C2500760406 /* Wefox_PokedexTests.swift in Sources */ = {isa = PBXBuildFile; fileRef = AF4E3CC822844C2500760406 /* Wefox_PokedexTests.swift */; };
		AF4E3CD422844C2500760406 /* PokedexUITests.swift in Sources */ = {isa = PBXBuildFile; fileRef = AF4E3CD322844C2500760406 /* PokedexUITests.swift */; };
		AF4E3CE422844E8200760406 /* AppController.swift in Sources */ = {isa = PBXBuildFile; fileRef = AF4E3CE322844E8200760406 /* AppController.swift */; };
		AF4E3CE622844E8E00760406 /* Coordinator.swift in Sources */ = {isa = PBXBuildFile; fileRef = AF4E3CE522844E8E00760406 /* Coordinator.swift */; };
		AF4E3CE822844E9900760406 /* DataProvider.swift in Sources */ = {isa = PBXBuildFile; fileRef = AF4E3CE722844E9900760406 /* DataProvider.swift */; };
		AF4E3CEA22844EA700760406 /* AppData.swift in Sources */ = {isa = PBXBuildFile; fileRef = AF4E3CE922844EA700760406 /* AppData.swift */; };
		AF4E3CEC22844EB400760406 /* Constants.swift in Sources */ = {isa = PBXBuildFile; fileRef = AF4E3CEB22844EB400760406 /* Constants.swift */; };
		AF4E3CF3228455E100760406 /* HomeActions.swift in Sources */ = {isa = PBXBuildFile; fileRef = AF4E3CED228455E100760406 /* HomeActions.swift */; };
		AF4E3CF4228455E100760406 /* HomePresenter.swift in Sources */ = {isa = PBXBuildFile; fileRef = AF4E3CEE228455E100760406 /* HomePresenter.swift */; };
		AF4E3CF5228455E100760406 /* HomeViewController.storyboard in Resources */ = {isa = PBXBuildFile; fileRef = AF4E3CEF228455E100760406 /* HomeViewController.storyboard */; };
		AF4E3CF6228455E100760406 /* HomeViewController.swift in Sources */ = {isa = PBXBuildFile; fileRef = AF4E3CF0228455E100760406 /* HomeViewController.swift */; };
		AF4E3CF7228455E100760406 /* HomeDataProvider.swift in Sources */ = {isa = PBXBuildFile; fileRef = AF4E3CF1228455E100760406 /* HomeDataProvider.swift */; };
		AF4E3CF8228455E100760406 /* HomeWireframe.swift in Sources */ = {isa = PBXBuildFile; fileRef = AF4E3CF2228455E100760406 /* HomeWireframe.swift */; };
		AF4E3CFB2284560800760406 /* Actions.swift in Sources */ = {isa = PBXBuildFile; fileRef = AF4E3CFA2284560800760406 /* Actions.swift */; };
		AF4E3CFE228456C900760406 /* UIViewController+StoryboardInstantiable.swift in Sources */ = {isa = PBXBuildFile; fileRef = AF4E3CFD228456C900760406 /* UIViewController+StoryboardInstantiable.swift */; };
		AF4E3D00228456D200760406 /* Loadable.swift in Sources */ = {isa = PBXBuildFile; fileRef = AF4E3CFF228456D200760406 /* Loadable.swift */; };
		AF4E3D08228474CC00760406 /* CatchActions.swift in Sources */ = {isa = PBXBuildFile; fileRef = AF4E3D02228474CC00760406 /* CatchActions.swift */; };
		AF4E3D09228474CC00760406 /* CatchPresenter.swift in Sources */ = {isa = PBXBuildFile; fileRef = AF4E3D03228474CC00760406 /* CatchPresenter.swift */; };
		AF4E3D0A228474CC00760406 /* CatchViewController.storyboard in Resources */ = {isa = PBXBuildFile; fileRef = AF4E3D04228474CC00760406 /* CatchViewController.storyboard */; };
		AF4E3D0B228474CC00760406 /* CatchViewController.swift in Sources */ = {isa = PBXBuildFile; fileRef = AF4E3D05228474CC00760406 /* CatchViewController.swift */; };
		AF4E3D0C228474CC00760406 /* CatchDataProvider.swift in Sources */ = {isa = PBXBuildFile; fileRef = AF4E3D06228474CC00760406 /* CatchDataProvider.swift */; };
		AF4E3D0D228474CC00760406 /* CatchWireframe.swift in Sources */ = {isa = PBXBuildFile; fileRef = AF4E3D07228474CC00760406 /* CatchWireframe.swift */; };
		AF4E3D17228476C800760406 /* BackpackActions.swift in Sources */ = {isa = PBXBuildFile; fileRef = AF4E3D0F228476C800760406 /* BackpackActions.swift */; };
		AF4E3D18228476C800760406 /* BackpackPresenter.swift in Sources */ = {isa = PBXBuildFile; fileRef = AF4E3D10228476C800760406 /* BackpackPresenter.swift */; };
		AF4E3D19228476C800760406 /* BackpackDataSource.swift in Sources */ = {isa = PBXBuildFile; fileRef = AF4E3D11228476C800760406 /* BackpackDataSource.swift */; };
		AF4E3D1A228476C800760406 /* BackpackViewController.storyboard in Resources */ = {isa = PBXBuildFile; fileRef = AF4E3D12228476C800760406 /* BackpackViewController.storyboard */; };
		AF4E3D1B228476C800760406 /* BackpackViewController.swift in Sources */ = {isa = PBXBuildFile; fileRef = AF4E3D13228476C800760406 /* BackpackViewController.swift */; };
		AF4E3D1C228476C800760406 /* BackpackDataProvider.swift in Sources */ = {isa = PBXBuildFile; fileRef = AF4E3D14228476C800760406 /* BackpackDataProvider.swift */; };
		AF4E3D1D228476C800760406 /* BackpackDelegate.swift in Sources */ = {isa = PBXBuildFile; fileRef = AF4E3D15228476C800760406 /* BackpackDelegate.swift */; };
		AF4E3D1E228476C800760406 /* BackpackWireframe.swift in Sources */ = {isa = PBXBuildFile; fileRef = AF4E3D16228476C800760406 /* BackpackWireframe.swift */; };
		AF4E3D2022847C1B00760406 /* UIBarButtonItem+Extension.swift in Sources */ = {isa = PBXBuildFile; fileRef = AF4E3D1F22847C1B00760406 /* UIBarButtonItem+Extension.swift */; };
		AF4E3D2422847EC400760406 /* PokemonCollectionViewCell.swift in Sources */ = {isa = PBXBuildFile; fileRef = AF4E3D2222847EC400760406 /* PokemonCollectionViewCell.swift */; };
		AF4E3D2522847EC400760406 /* PokemonCollectionViewCell.xib in Resources */ = {isa = PBXBuildFile; fileRef = AF4E3D2322847EC400760406 /* PokemonCollectionViewCell.xib */; };
		AF4E3D27228484F100760406 /* UITableViewCell+Extension.swift in Sources */ = {isa = PBXBuildFile; fileRef = AF4E3D26228484F100760406 /* UITableViewCell+Extension.swift */; };
		AF4E3D2B2284880000760406 /* LocalPokemon.swift in Sources */ = {isa = PBXBuildFile; fileRef = AF4E3D2A2284880000760406 /* LocalPokemon.swift */; };
		AF4E3D2D22848A0300760406 /* Pokemon.swift in Sources */ = {isa = PBXBuildFile; fileRef = AF4E3D2C22848A0300760406 /* Pokemon.swift */; };
		AF4E3D3022848AB500760406 /* PokemonSearchService.swift in Sources */ = {isa = PBXBuildFile; fileRef = AF4E3D2F22848AB500760406 /* PokemonSearchService.swift */; };
		AF4E3D3222848B6800760406 /* PokemonSearchEndpoint.swift in Sources */ = {isa = PBXBuildFile; fileRef = AF4E3D3122848B6800760406 /* PokemonSearchEndpoint.swift */; };
		AF4E3D342284B0D600760406 /* Configuration.swift in Sources */ = {isa = PBXBuildFile; fileRef = AF4E3D332284B0D600760406 /* Configuration.swift */; };
		AF4E3D372284B16000760406 /* MockData.swift in Sources */ = {isa = PBXBuildFile; fileRef = AF4E3D362284B16000760406 /* MockData.swift */; };
		AF4E3D382284B33900760406 /* MockData.swift in Sources */ = {isa = PBXBuildFile; fileRef = AF4E3D362284B16000760406 /* MockData.swift */; };
		AF4E3D3D2284C4D900760406 /* Pokemon5.png in Resources */ = {isa = PBXBuildFile; fileRef = AF4E3D392284C4D800760406 /* Pokemon5.png */; };
		AF4E3D3E2284C4D900760406 /* Pokemon5.json in Resources */ = {isa = PBXBuildFile; fileRef = AF4E3D3A2284C4D800760406 /* Pokemon5.json */; };
		AF4E3D3F2284C4D900760406 /* Pokemon12.png in Resources */ = {isa = PBXBuildFile; fileRef = AF4E3D3B2284C4D800760406 /* Pokemon12.png */; };
		AF4E3D402284C4D900760406 /* Pokemon12.json in Resources */ = {isa = PBXBuildFile; fileRef = AF4E3D3C2284C4D900760406 /* Pokemon12.json */; };
		AF4E3D422284D12A00760406 /* Notifier.swift in Sources */ = {isa = PBXBuildFile; fileRef = AF4E3D412284D12A00760406 /* Notifier.swift */; };
		AF4E3D442284D4F500760406 /* ScreenPokemon.swift in Sources */ = {isa = PBXBuildFile; fileRef = AF4E3D432284D4F500760406 /* ScreenPokemon.swift */; };
		AF4E3D482284DA3600760406 /* PokemonView.swift in Sources */ = {isa = PBXBuildFile; fileRef = AF4E3D472284DA3600760406 /* PokemonView.swift */; };
		AF4E3D4A2284DA4800760406 /* PokemonView.xib in Resources */ = {isa = PBXBuildFile; fileRef = AF4E3D492284DA4800760406 /* PokemonView.xib */; };
		AF4E3D4C22856C6000760406 /* PokemonParser.swift in Sources */ = {isa = PBXBuildFile; fileRef = AF4E3D4B22856C6000760406 /* PokemonParser.swift */; };
		AF4E3D4E22856D3800760406 /* PokemonParserTests.swift in Sources */ = {isa = PBXBuildFile; fileRef = AF4E3D4D22856D3800760406 /* PokemonParserTests.swift */; };
		AF4E3D502285742B00760406 /* Generator.swift in Sources */ = {isa = PBXBuildFile; fileRef = AF4E3D4F2285742B00760406 /* Generator.swift */; };
		AF4E3D52228577C300760406 /* GeneratorTests.swift in Sources */ = {isa = PBXBuildFile; fileRef = AF4E3D51228577C300760406 /* GeneratorTests.swift */; };
		AF4E3D542285791E00760406 /* DataProviderTests.swift in Sources */ = {isa = PBXBuildFile; fileRef = AF4E3D532285791E00760406 /* DataProviderTests.swift */; };
		AF4E3D5622857A3000760406 /* MockServiceProvider.swift in Sources */ = {isa = PBXBuildFile; fileRef = AF4E3D5522857A3000760406 /* MockServiceProvider.swift */; };
		AF4E3D58228586B600760406 /* AppDataTests.swift in Sources */ = {isa = PBXBuildFile; fileRef = AF4E3D57228586B600760406 /* AppDataTests.swift */; };
		AF4E3D5D2285B54D00760406 /* Storage.swift in Sources */ = {isa = PBXBuildFile; fileRef = AF4E3D5C2285B54D00760406 /* Storage.swift */; };
		AF4E3D662285C6C800760406 /* PokemonDetailPresenter.swift in Sources */ = {isa = PBXBuildFile; fileRef = AF4E3D602285C6C800760406 /* PokemonDetailPresenter.swift */; };
		AF4E3D672285C6C800760406 /* PokemonDetailViewController.storyboard in Resources */ = {isa = PBXBuildFile; fileRef = AF4E3D612285C6C800760406 /* PokemonDetailViewController.storyboard */; };
		AF4E3D682285C6C800760406 /* PokemonDetailViewController.swift in Sources */ = {isa = PBXBuildFile; fileRef = AF4E3D622285C6C800760406 /* PokemonDetailViewController.swift */; };
		AF4E3D6A2285C6C800760406 /* PokemonDetailWireframe.swift in Sources */ = {isa = PBXBuildFile; fileRef = AF4E3D642285C6C800760406 /* PokemonDetailWireframe.swift */; };
		AF4E3DA822870CCA00760406 /* Pokemon5.json in Resources */ = {isa = PBXBuildFile; fileRef = AF4E3D3A2284C4D800760406 /* Pokemon5.json */; };
		AFA2E02B2296935B0053F3EC /* FileStorage.swift in Sources */ = {isa = PBXBuildFile; fileRef = AFA2E02A2296935B0053F3EC /* FileStorage.swift */; };
		AFA5E44E228B668E00FC60C1 /* Server_401_Error_Test.swift in Sources */ = {isa = PBXBuildFile; fileRef = AFA5E44D228B668E00FC60C1 /* Server_401_Error_Test.swift */; };
		DACB4B5273FEB2EE587F7752 /* Pods_Pokedex.framework in Frameworks */ = {isa = PBXBuildFile; fileRef = 480673E6AAB038FB7D5E079D /* Pods_Pokedex.framework */; };
/* End PBXBuildFile section */

/* Begin PBXContainerItemProxy section */
		AF4E3CC522844C2500760406 /* PBXContainerItemProxy */ = {
			isa = PBXContainerItemProxy;
			containerPortal = AF4E3CA822844C2200760406 /* Project object */;
			proxyType = 1;
			remoteGlobalIDString = AF4E3CAF22844C2200760406;
			remoteInfo = "Wefox Pokedex";
		};
		AF4E3CD022844C2500760406 /* PBXContainerItemProxy */ = {
			isa = PBXContainerItemProxy;
			containerPortal = AF4E3CA822844C2200760406 /* Project object */;
			proxyType = 1;
			remoteGlobalIDString = AF4E3CAF22844C2200760406;
			remoteInfo = "Wefox Pokedex";
		};
/* End PBXContainerItemProxy section */

/* Begin PBXFileReference section */
		049CAFC78A82F84420B8E340 /* Pods_PokedexTests.framework */ = {isa = PBXFileReference; explicitFileType = wrapper.framework; includeInIndex = 0; path = Pods_PokedexTests.framework; sourceTree = BUILT_PRODUCTS_DIR; };
		129FDFE7FF8ECBDFE9FE0580 /* Pods-PokedexTests.release.xcconfig */ = {isa = PBXFileReference; includeInIndex = 1; lastKnownFileType = text.xcconfig; name = "Pods-PokedexTests.release.xcconfig"; path = "Target Support Files/Pods-PokedexTests/Pods-PokedexTests.release.xcconfig"; sourceTree = "<group>"; };
		20E3641890121E92F496482E /* Pods-Wefox Pokedex.release.xcconfig */ = {isa = PBXFileReference; includeInIndex = 1; lastKnownFileType = text.xcconfig; name = "Pods-Wefox Pokedex.release.xcconfig"; path = "Target Support Files/Pods-Wefox Pokedex/Pods-Wefox Pokedex.release.xcconfig"; sourceTree = "<group>"; };
		3D2C61663FE27322EA7A0180 /* Pods-Pokedex.release.xcconfig */ = {isa = PBXFileReference; includeInIndex = 1; lastKnownFileType = text.xcconfig; name = "Pods-Pokedex.release.xcconfig"; path = "Target Support Files/Pods-Pokedex/Pods-Pokedex.release.xcconfig"; sourceTree = "<group>"; };
		480673E6AAB038FB7D5E079D /* Pods_Pokedex.framework */ = {isa = PBXFileReference; explicitFileType = wrapper.framework; includeInIndex = 0; path = Pods_Pokedex.framework; sourceTree = BUILT_PRODUCTS_DIR; };
		57B0C9DCFDD0E9EA2CC4304F /* Pods-PokedexUITests.release.xcconfig */ = {isa = PBXFileReference; includeInIndex = 1; lastKnownFileType = text.xcconfig; name = "Pods-PokedexUITests.release.xcconfig"; path = "Target Support Files/Pods-PokedexUITests/Pods-PokedexUITests.release.xcconfig"; sourceTree = "<group>"; };
		82F154F95D077427B723018B /* Pods-Wefox Pokedex.debug.xcconfig */ = {isa = PBXFileReference; includeInIndex = 1; lastKnownFileType = text.xcconfig; name = "Pods-Wefox Pokedex.debug.xcconfig"; path = "Target Support Files/Pods-Wefox Pokedex/Pods-Wefox Pokedex.debug.xcconfig"; sourceTree = "<group>"; };
		8B54374941D943AB0FC4604E /* Pods-PokedexTests.debug.xcconfig */ = {isa = PBXFileReference; includeInIndex = 1; lastKnownFileType = text.xcconfig; name = "Pods-PokedexTests.debug.xcconfig"; path = "Target Support Files/Pods-PokedexTests/Pods-PokedexTests.debug.xcconfig"; sourceTree = "<group>"; };
		9DD6033F38A8ACF3466D93C1 /* Pods-Wefox PokedexTests.debug.xcconfig */ = {isa = PBXFileReference; includeInIndex = 1; lastKnownFileType = text.xcconfig; name = "Pods-Wefox PokedexTests.debug.xcconfig"; path = "Target Support Files/Pods-Wefox PokedexTests/Pods-Wefox PokedexTests.debug.xcconfig"; sourceTree = "<group>"; };
		9FF9115FEAF75FDAE4D5D03F /* Pods-Wefox PokedexUITests.debug.xcconfig */ = {isa = PBXFileReference; includeInIndex = 1; lastKnownFileType = text.xcconfig; name = "Pods-Wefox PokedexUITests.debug.xcconfig"; path = "Target Support Files/Pods-Wefox PokedexUITests/Pods-Wefox PokedexUITests.debug.xcconfig"; sourceTree = "<group>"; };
		A10D142857DF67FFCE572FAA /* Pods-Pokedex.debug.xcconfig */ = {isa = PBXFileReference; includeInIndex = 1; lastKnownFileType = text.xcconfig; name = "Pods-Pokedex.debug.xcconfig"; path = "Target Support Files/Pods-Pokedex/Pods-Pokedex.debug.xcconfig"; sourceTree = "<group>"; };
		A5A63A537CCAA3663D1B10B9 /* Pods-PokedexUITests.debug.xcconfig */ = {isa = PBXFileReference; includeInIndex = 1; lastKnownFileType = text.xcconfig; name = "Pods-PokedexUITests.debug.xcconfig"; path = "Target Support Files/Pods-PokedexUITests/Pods-PokedexUITests.debug.xcconfig"; sourceTree = "<group>"; };
		AF4E3CB022844C2200760406 /* Pokedex.app */ = {isa = PBXFileReference; explicitFileType = wrapper.application; includeInIndex = 0; path = Pokedex.app; sourceTree = BUILT_PRODUCTS_DIR; };
		AF4E3CB322844C2200760406 /* AppDelegate.swift */ = {isa = PBXFileReference; lastKnownFileType = sourcecode.swift; path = AppDelegate.swift; sourceTree = "<group>"; };
		AF4E3CBA22844C2500760406 /* Assets.xcassets */ = {isa = PBXFileReference; lastKnownFileType = folder.assetcatalog; path = Assets.xcassets; sourceTree = "<group>"; };
		AF4E3CBD22844C2500760406 /* Base */ = {isa = PBXFileReference; lastKnownFileType = file.storyboard; name = Base; path = Base.lproj/LaunchScreen.storyboard; sourceTree = "<group>"; };
		AF4E3CBF22844C2500760406 /* Info.plist */ = {isa = PBXFileReference; lastKnownFileType = text.plist.xml; path = Info.plist; sourceTree = "<group>"; };
		AF4E3CC422844C2500760406 /* PokedexTests.xctest */ = {isa = PBXFileReference; explicitFileType = wrapper.cfbundle; includeInIndex = 0; path = PokedexTests.xctest; sourceTree = BUILT_PRODUCTS_DIR; };
		AF4E3CC822844C2500760406 /* Wefox_PokedexTests.swift */ = {isa = PBXFileReference; lastKnownFileType = sourcecode.swift; path = Wefox_PokedexTests.swift; sourceTree = "<group>"; };
		AF4E3CCA22844C2500760406 /* Info.plist */ = {isa = PBXFileReference; lastKnownFileType = text.plist.xml; path = Info.plist; sourceTree = "<group>"; };
		AF4E3CCF22844C2500760406 /* PokedexUITests.xctest */ = {isa = PBXFileReference; explicitFileType = wrapper.cfbundle; includeInIndex = 0; path = PokedexUITests.xctest; sourceTree = BUILT_PRODUCTS_DIR; };
		AF4E3CD322844C2500760406 /* PokedexUITests.swift */ = {isa = PBXFileReference; lastKnownFileType = sourcecode.swift; path = PokedexUITests.swift; sourceTree = "<group>"; };
		AF4E3CD522844C2500760406 /* Info.plist */ = {isa = PBXFileReference; lastKnownFileType = text.plist.xml; path = Info.plist; sourceTree = "<group>"; };
		AF4E3CE322844E8200760406 /* AppController.swift */ = {isa = PBXFileReference; lastKnownFileType = sourcecode.swift; path = AppController.swift; sourceTree = "<group>"; };
		AF4E3CE522844E8E00760406 /* Coordinator.swift */ = {isa = PBXFileReference; lastKnownFileType = sourcecode.swift; path = Coordinator.swift; sourceTree = "<group>"; };
		AF4E3CE722844E9900760406 /* DataProvider.swift */ = {isa = PBXFileReference; lastKnownFileType = sourcecode.swift; path = DataProvider.swift; sourceTree = "<group>"; };
		AF4E3CE922844EA700760406 /* AppData.swift */ = {isa = PBXFileReference; lastKnownFileType = sourcecode.swift; path = AppData.swift; sourceTree = "<group>"; };
		AF4E3CEB22844EB400760406 /* Constants.swift */ = {isa = PBXFileReference; lastKnownFileType = sourcecode.swift; path = Constants.swift; sourceTree = "<group>"; };
		AF4E3CED228455E100760406 /* HomeActions.swift */ = {isa = PBXFileReference; lastKnownFileType = sourcecode.swift; path = HomeActions.swift; sourceTree = "<group>"; };
		AF4E3CEE228455E100760406 /* HomePresenter.swift */ = {isa = PBXFileReference; lastKnownFileType = sourcecode.swift; path = HomePresenter.swift; sourceTree = "<group>"; };
		AF4E3CEF228455E100760406 /* HomeViewController.storyboard */ = {isa = PBXFileReference; lastKnownFileType = file.storyboard; path = HomeViewController.storyboard; sourceTree = "<group>"; };
		AF4E3CF0228455E100760406 /* HomeViewController.swift */ = {isa = PBXFileReference; lastKnownFileType = sourcecode.swift; path = HomeViewController.swift; sourceTree = "<group>"; };
		AF4E3CF1228455E100760406 /* HomeDataProvider.swift */ = {isa = PBXFileReference; lastKnownFileType = sourcecode.swift; path = HomeDataProvider.swift; sourceTree = "<group>"; };
		AF4E3CF2228455E100760406 /* HomeWireframe.swift */ = {isa = PBXFileReference; lastKnownFileType = sourcecode.swift; path = HomeWireframe.swift; sourceTree = "<group>"; };
		AF4E3CFA2284560800760406 /* Actions.swift */ = {isa = PBXFileReference; lastKnownFileType = sourcecode.swift; path = Actions.swift; sourceTree = "<group>"; };
		AF4E3CFD228456C900760406 /* UIViewController+StoryboardInstantiable.swift */ = {isa = PBXFileReference; fileEncoding = 4; lastKnownFileType = sourcecode.swift; path = "UIViewController+StoryboardInstantiable.swift"; sourceTree = "<group>"; };
		AF4E3CFF228456D200760406 /* Loadable.swift */ = {isa = PBXFileReference; fileEncoding = 4; lastKnownFileType = sourcecode.swift; path = Loadable.swift; sourceTree = "<group>"; };
		AF4E3D02228474CC00760406 /* CatchActions.swift */ = {isa = PBXFileReference; lastKnownFileType = sourcecode.swift; path = CatchActions.swift; sourceTree = "<group>"; };
		AF4E3D03228474CC00760406 /* CatchPresenter.swift */ = {isa = PBXFileReference; lastKnownFileType = sourcecode.swift; path = CatchPresenter.swift; sourceTree = "<group>"; };
		AF4E3D04228474CC00760406 /* CatchViewController.storyboard */ = {isa = PBXFileReference; lastKnownFileType = file.storyboard; path = CatchViewController.storyboard; sourceTree = "<group>"; };
		AF4E3D05228474CC00760406 /* CatchViewController.swift */ = {isa = PBXFileReference; lastKnownFileType = sourcecode.swift; path = CatchViewController.swift; sourceTree = "<group>"; };
		AF4E3D06228474CC00760406 /* CatchDataProvider.swift */ = {isa = PBXFileReference; lastKnownFileType = sourcecode.swift; path = CatchDataProvider.swift; sourceTree = "<group>"; };
		AF4E3D07228474CC00760406 /* CatchWireframe.swift */ = {isa = PBXFileReference; lastKnownFileType = sourcecode.swift; path = CatchWireframe.swift; sourceTree = "<group>"; };
		AF4E3D0F228476C800760406 /* BackpackActions.swift */ = {isa = PBXFileReference; lastKnownFileType = sourcecode.swift; path = BackpackActions.swift; sourceTree = "<group>"; };
		AF4E3D10228476C800760406 /* BackpackPresenter.swift */ = {isa = PBXFileReference; lastKnownFileType = sourcecode.swift; path = BackpackPresenter.swift; sourceTree = "<group>"; };
		AF4E3D11228476C800760406 /* BackpackDataSource.swift */ = {isa = PBXFileReference; lastKnownFileType = sourcecode.swift; path = BackpackDataSource.swift; sourceTree = "<group>"; };
		AF4E3D12228476C800760406 /* BackpackViewController.storyboard */ = {isa = PBXFileReference; lastKnownFileType = file.storyboard; path = BackpackViewController.storyboard; sourceTree = "<group>"; };
		AF4E3D13228476C800760406 /* BackpackViewController.swift */ = {isa = PBXFileReference; lastKnownFileType = sourcecode.swift; path = BackpackViewController.swift; sourceTree = "<group>"; };
		AF4E3D14228476C800760406 /* BackpackDataProvider.swift */ = {isa = PBXFileReference; lastKnownFileType = sourcecode.swift; path = BackpackDataProvider.swift; sourceTree = "<group>"; };
		AF4E3D15228476C800760406 /* BackpackDelegate.swift */ = {isa = PBXFileReference; lastKnownFileType = sourcecode.swift; path = BackpackDelegate.swift; sourceTree = "<group>"; };
		AF4E3D16228476C800760406 /* BackpackWireframe.swift */ = {isa = PBXFileReference; lastKnownFileType = sourcecode.swift; path = BackpackWireframe.swift; sourceTree = "<group>"; };
		AF4E3D1F22847C1B00760406 /* UIBarButtonItem+Extension.swift */ = {isa = PBXFileReference; lastKnownFileType = sourcecode.swift; path = "UIBarButtonItem+Extension.swift"; sourceTree = "<group>"; };
		AF4E3D2222847EC400760406 /* PokemonCollectionViewCell.swift */ = {isa = PBXFileReference; lastKnownFileType = sourcecode.swift; path = PokemonCollectionViewCell.swift; sourceTree = "<group>"; };
		AF4E3D2322847EC400760406 /* PokemonCollectionViewCell.xib */ = {isa = PBXFileReference; lastKnownFileType = file.xib; path = PokemonCollectionViewCell.xib; sourceTree = "<group>"; };
		AF4E3D26228484F100760406 /* UITableViewCell+Extension.swift */ = {isa = PBXFileReference; fileEncoding = 4; lastKnownFileType = sourcecode.swift; path = "UITableViewCell+Extension.swift"; sourceTree = "<group>"; };
		AF4E3D2A2284880000760406 /* LocalPokemon.swift */ = {isa = PBXFileReference; lastKnownFileType = sourcecode.swift; path = LocalPokemon.swift; sourceTree = "<group>"; };
		AF4E3D2C22848A0300760406 /* Pokemon.swift */ = {isa = PBXFileReference; lastKnownFileType = sourcecode.swift; path = Pokemon.swift; sourceTree = "<group>"; };
		AF4E3D2F22848AB500760406 /* PokemonSearchService.swift */ = {isa = PBXFileReference; lastKnownFileType = sourcecode.swift; path = PokemonSearchService.swift; sourceTree = "<group>"; };
		AF4E3D3122848B6800760406 /* PokemonSearchEndpoint.swift */ = {isa = PBXFileReference; lastKnownFileType = sourcecode.swift; path = PokemonSearchEndpoint.swift; sourceTree = "<group>"; };
		AF4E3D332284B0D600760406 /* Configuration.swift */ = {isa = PBXFileReference; fileEncoding = 4; lastKnownFileType = sourcecode.swift; path = Configuration.swift; sourceTree = "<group>"; };
		AF4E3D362284B16000760406 /* MockData.swift */ = {isa = PBXFileReference; fileEncoding = 4; lastKnownFileType = sourcecode.swift; path = MockData.swift; sourceTree = "<group>"; };
		AF4E3D392284C4D800760406 /* Pokemon5.png */ = {isa = PBXFileReference; lastKnownFileType = image.png; path = Pokemon5.png; sourceTree = "<group>"; };
		AF4E3D3A2284C4D800760406 /* Pokemon5.json */ = {isa = PBXFileReference; fileEncoding = 4; lastKnownFileType = text.json; path = Pokemon5.json; sourceTree = "<group>"; };
		AF4E3D3B2284C4D800760406 /* Pokemon12.png */ = {isa = PBXFileReference; lastKnownFileType = image.png; path = Pokemon12.png; sourceTree = "<group>"; };
		AF4E3D3C2284C4D900760406 /* Pokemon12.json */ = {isa = PBXFileReference; fileEncoding = 4; lastKnownFileType = text.json; path = Pokemon12.json; sourceTree = "<group>"; };
		AF4E3D412284D12A00760406 /* Notifier.swift */ = {isa = PBXFileReference; lastKnownFileType = sourcecode.swift; path = Notifier.swift; sourceTree = "<group>"; };
		AF4E3D432284D4F500760406 /* ScreenPokemon.swift */ = {isa = PBXFileReference; lastKnownFileType = sourcecode.swift; path = ScreenPokemon.swift; sourceTree = "<group>"; };
		AF4E3D472284DA3600760406 /* PokemonView.swift */ = {isa = PBXFileReference; lastKnownFileType = sourcecode.swift; path = PokemonView.swift; sourceTree = "<group>"; };
		AF4E3D492284DA4800760406 /* PokemonView.xib */ = {isa = PBXFileReference; lastKnownFileType = file.xib; path = PokemonView.xib; sourceTree = "<group>"; };
		AF4E3D4B22856C6000760406 /* PokemonParser.swift */ = {isa = PBXFileReference; lastKnownFileType = sourcecode.swift; path = PokemonParser.swift; sourceTree = "<group>"; };
		AF4E3D4D22856D3800760406 /* PokemonParserTests.swift */ = {isa = PBXFileReference; lastKnownFileType = sourcecode.swift; path = PokemonParserTests.swift; sourceTree = "<group>"; };
		AF4E3D4F2285742B00760406 /* Generator.swift */ = {isa = PBXFileReference; lastKnownFileType = sourcecode.swift; path = Generator.swift; sourceTree = "<group>"; };
		AF4E3D51228577C300760406 /* GeneratorTests.swift */ = {isa = PBXFileReference; lastKnownFileType = sourcecode.swift; path = GeneratorTests.swift; sourceTree = "<group>"; };
		AF4E3D532285791E00760406 /* DataProviderTests.swift */ = {isa = PBXFileReference; lastKnownFileType = sourcecode.swift; path = DataProviderTests.swift; sourceTree = "<group>"; };
		AF4E3D5522857A3000760406 /* MockServiceProvider.swift */ = {isa = PBXFileReference; lastKnownFileType = sourcecode.swift; path = MockServiceProvider.swift; sourceTree = "<group>"; };
		AF4E3D57228586B600760406 /* AppDataTests.swift */ = {isa = PBXFileReference; lastKnownFileType = sourcecode.swift; path = AppDataTests.swift; sourceTree = "<group>"; };
		AF4E3D5C2285B54D00760406 /* Storage.swift */ = {isa = PBXFileReference; lastKnownFileType = sourcecode.swift; path = Storage.swift; sourceTree = "<group>"; };
		AF4E3D602285C6C800760406 /* PokemonDetailPresenter.swift */ = {isa = PBXFileReference; lastKnownFileType = sourcecode.swift; path = PokemonDetailPresenter.swift; sourceTree = "<group>"; };
		AF4E3D612285C6C800760406 /* PokemonDetailViewController.storyboard */ = {isa = PBXFileReference; lastKnownFileType = file.storyboard; path = PokemonDetailViewController.storyboard; sourceTree = "<group>"; };
		AF4E3D622285C6C800760406 /* PokemonDetailViewController.swift */ = {isa = PBXFileReference; lastKnownFileType = sourcecode.swift; path = PokemonDetailViewController.swift; sourceTree = "<group>"; };
		AF4E3D642285C6C800760406 /* PokemonDetailWireframe.swift */ = {isa = PBXFileReference; lastKnownFileType = sourcecode.swift; path = PokemonDetailWireframe.swift; sourceTree = "<group>"; };
		AFA2E02A2296935B0053F3EC /* FileStorage.swift */ = {isa = PBXFileReference; lastKnownFileType = sourcecode.swift; path = FileStorage.swift; sourceTree = "<group>"; };
		AFA5E44D228B668E00FC60C1 /* Server_401_Error_Test.swift */ = {isa = PBXFileReference; lastKnownFileType = sourcecode.swift; path = Server_401_Error_Test.swift; sourceTree = "<group>"; };
		DEC43903F5F10C191CF74082 /* Pods_PokedexUITests.framework */ = {isa = PBXFileReference; explicitFileType = wrapper.framework; includeInIndex = 0; path = Pods_PokedexUITests.framework; sourceTree = BUILT_PRODUCTS_DIR; };
		E7590E6540283C1C3B552146 /* Pods-Wefox PokedexTests.release.xcconfig */ = {isa = PBXFileReference; includeInIndex = 1; lastKnownFileType = text.xcconfig; name = "Pods-Wefox PokedexTests.release.xcconfig"; path = "Target Support Files/Pods-Wefox PokedexTests/Pods-Wefox PokedexTests.release.xcconfig"; sourceTree = "<group>"; };
		FA1D54F8B3BB6B127C6304B8 /* Pods-Wefox PokedexUITests.release.xcconfig */ = {isa = PBXFileReference; includeInIndex = 1; lastKnownFileType = text.xcconfig; name = "Pods-Wefox PokedexUITests.release.xcconfig"; path = "Target Support Files/Pods-Wefox PokedexUITests/Pods-Wefox PokedexUITests.release.xcconfig"; sourceTree = "<group>"; };
/* End PBXFileReference section */

/* Begin PBXFrameworksBuildPhase section */
		AF4E3CAD22844C2200760406 /* Frameworks */ = {
			isa = PBXFrameworksBuildPhase;
			buildActionMask = 2147483647;
			files = (
				DACB4B5273FEB2EE587F7752 /* Pods_Pokedex.framework in Frameworks */,
			);
			runOnlyForDeploymentPostprocessing = 0;
		};
		AF4E3CC122844C2500760406 /* Frameworks */ = {
			isa = PBXFrameworksBuildPhase;
			buildActionMask = 2147483647;
			files = (
				A567BDB3CF27F1ED112E6C00 /* Pods_PokedexTests.framework in Frameworks */,
			);
			runOnlyForDeploymentPostprocessing = 0;
		};
		AF4E3CCC22844C2500760406 /* Frameworks */ = {
			isa = PBXFrameworksBuildPhase;
			buildActionMask = 2147483647;
			files = (
				46093B3ADF53A56772CFD45C /* Pods_PokedexUITests.framework in Frameworks */,
			);
			runOnlyForDeploymentPostprocessing = 0;
		};
/* End PBXFrameworksBuildPhase section */

/* Begin PBXGroup section */
		2E1F825E91C6B8E295DA1043 /* Frameworks */ = {
			isa = PBXGroup;
			children = (
				480673E6AAB038FB7D5E079D /* Pods_Pokedex.framework */,
				049CAFC78A82F84420B8E340 /* Pods_PokedexTests.framework */,
				DEC43903F5F10C191CF74082 /* Pods_PokedexUITests.framework */,
			);
			name = Frameworks;
			sourceTree = "<group>";
		};
		3E361F3BD2E8D5B06E86BC0E /* Pods */ = {
			isa = PBXGroup;
			children = (
				82F154F95D077427B723018B /* Pods-Wefox Pokedex.debug.xcconfig */,
				20E3641890121E92F496482E /* Pods-Wefox Pokedex.release.xcconfig */,
				9DD6033F38A8ACF3466D93C1 /* Pods-Wefox PokedexTests.debug.xcconfig */,
				E7590E6540283C1C3B552146 /* Pods-Wefox PokedexTests.release.xcconfig */,
				9FF9115FEAF75FDAE4D5D03F /* Pods-Wefox PokedexUITests.debug.xcconfig */,
				FA1D54F8B3BB6B127C6304B8 /* Pods-Wefox PokedexUITests.release.xcconfig */,
				A10D142857DF67FFCE572FAA /* Pods-Pokedex.debug.xcconfig */,
				3D2C61663FE27322EA7A0180 /* Pods-Pokedex.release.xcconfig */,
				8B54374941D943AB0FC4604E /* Pods-PokedexTests.debug.xcconfig */,
				129FDFE7FF8ECBDFE9FE0580 /* Pods-PokedexTests.release.xcconfig */,
				A5A63A537CCAA3663D1B10B9 /* Pods-PokedexUITests.debug.xcconfig */,
				57B0C9DCFDD0E9EA2CC4304F /* Pods-PokedexUITests.release.xcconfig */,
			);
			path = Pods;
			sourceTree = "<group>";
		};
		AF4E3CA722844C2200760406 = {
			isa = PBXGroup;
			children = (
				AF4E3CB222844C2200760406 /* Pokedex */,
				AF4E3CC722844C2500760406 /* PokedexTests */,
				AF4E3CD222844C2500760406 /* PokedexUITests */,
				AF4E3CB122844C2200760406 /* Products */,
				3E361F3BD2E8D5B06E86BC0E /* Pods */,
				2E1F825E91C6B8E295DA1043 /* Frameworks */,
			);
			sourceTree = "<group>";
		};
		AF4E3CB122844C2200760406 /* Products */ = {
			isa = PBXGroup;
			children = (
				AF4E3CB022844C2200760406 /* Pokedex.app */,
				AF4E3CC422844C2500760406 /* PokedexTests.xctest */,
				AF4E3CCF22844C2500760406 /* PokedexUITests.xctest */,
			);
			name = Products;
			sourceTree = "<group>";
		};
		AF4E3CB222844C2200760406 /* Pokedex */ = {
			isa = PBXGroup;
			children = (
				AF4E3D5922858B9900760406 /* Util */,
				AF4E3D462284DA1C00760406 /* Views */,
				AF4E3D2E22848AA800760406 /* Services */,
				AF4E3D29228487EC00760406 /* Model */,
				AF4E3CFC228456BC00760406 /* Extensions */,
				AF4E3CE222844E6800760406 /* Scenes */,
				AF4E3CE122844E5600760406 /* Core */,
				AF4E3CBA22844C2500760406 /* Assets.xcassets */,
				AF4E3CBC22844C2500760406 /* LaunchScreen.storyboard */,
				AF4E3CBF22844C2500760406 /* Info.plist */,
			);
			path = Pokedex;
			sourceTree = "<group>";
		};
		AF4E3CC722844C2500760406 /* PokedexTests */ = {
			isa = PBXGroup;
			children = (
				AF4E3D352284B14200760406 /* Mocks */,
				AF4E3CC822844C2500760406 /* Wefox_PokedexTests.swift */,
				AF4E3CCA22844C2500760406 /* Info.plist */,
				AF4E3D4D22856D3800760406 /* PokemonParserTests.swift */,
				AF4E3D51228577C300760406 /* GeneratorTests.swift */,
				AF4E3D532285791E00760406 /* DataProviderTests.swift */,
				AF4E3D57228586B600760406 /* AppDataTests.swift */,
			);
			path = PokedexTests;
			sourceTree = "<group>";
		};
		AF4E3CD222844C2500760406 /* PokedexUITests */ = {
			isa = PBXGroup;
			children = (
				AF4E3CD322844C2500760406 /* PokedexUITests.swift */,
				AF4E3CD522844C2500760406 /* Info.plist */,
				AFA5E44D228B668E00FC60C1 /* Server_401_Error_Test.swift */,
			);
			path = PokedexUITests;
			sourceTree = "<group>";
		};
		AF4E3CE122844E5600760406 /* Core */ = {
			isa = PBXGroup;
			children = (
				AF4E3D332284B0D600760406 /* Configuration.swift */,
				AF4E3CB322844C2200760406 /* AppDelegate.swift */,
				AF4E3CE322844E8200760406 /* AppController.swift */,
				AF4E3CE522844E8E00760406 /* Coordinator.swift */,
				AF4E3CE722844E9900760406 /* DataProvider.swift */,
				AF4E3CE922844EA700760406 /* AppData.swift */,
				AF4E3CEB22844EB400760406 /* Constants.swift */,
				AF4E3CFA2284560800760406 /* Actions.swift */,
				AF4E3D412284D12A00760406 /* Notifier.swift */,
			);
			path = Core;
			sourceTree = "<group>";
		};
		AF4E3CE222844E6800760406 /* Scenes */ = {
			isa = PBXGroup;
			children = (
				AF4E3D5E2285C69400760406 /* Pokemon Detail Scene */,
				AF4E3D0E228476AA00760406 /* Backpack Scene */,
				AF4E3D01228474B000760406 /* Catch Scene */,
				AF4E3CF9228455E800760406 /* Home Scene */,
			);
			path = Scenes;
			sourceTree = "<group>";
		};
		AF4E3CF9228455E800760406 /* Home Scene */ = {
			isa = PBXGroup;
			children = (
				AF4E3CED228455E100760406 /* HomeActions.swift */,
				AF4E3CEE228455E100760406 /* HomePresenter.swift */,
				AF4E3CEF228455E100760406 /* HomeViewController.storyboard */,
				AF4E3CF0228455E100760406 /* HomeViewController.swift */,
				AF4E3CF1228455E100760406 /* HomeDataProvider.swift */,
				AF4E3CF2228455E100760406 /* HomeWireframe.swift */,
			);
			path = "Home Scene";
			sourceTree = "<group>";
		};
		AF4E3CFC228456BC00760406 /* Extensions */ = {
			isa = PBXGroup;
			children = (
				AF4E3D26228484F100760406 /* UITableViewCell+Extension.swift */,
				AF4E3CFF228456D200760406 /* Loadable.swift */,
				AF4E3CFD228456C900760406 /* UIViewController+StoryboardInstantiable.swift */,
				AF4E3D1F22847C1B00760406 /* UIBarButtonItem+Extension.swift */,
			);
			path = Extensions;
			sourceTree = "<group>";
		};
		AF4E3D01228474B000760406 /* Catch Scene */ = {
			isa = PBXGroup;
			children = (
				AF4E3D02228474CC00760406 /* CatchActions.swift */,
				AF4E3D03228474CC00760406 /* CatchPresenter.swift */,
				AF4E3D04228474CC00760406 /* CatchViewController.storyboard */,
				AF4E3D05228474CC00760406 /* CatchViewController.swift */,
				AF4E3D06228474CC00760406 /* CatchDataProvider.swift */,
				AF4E3D07228474CC00760406 /* CatchWireframe.swift */,
			);
			path = "Catch Scene";
			sourceTree = "<group>";
		};
		AF4E3D0E228476AA00760406 /* Backpack Scene */ = {
			isa = PBXGroup;
			children = (
				AF4E3D2122847E9500760406 /* Cells */,
				AF4E3D0F228476C800760406 /* BackpackActions.swift */,
				AF4E3D10228476C800760406 /* BackpackPresenter.swift */,
				AF4E3D11228476C800760406 /* BackpackDataSource.swift */,
				AF4E3D12228476C800760406 /* BackpackViewController.storyboard */,
				AF4E3D13228476C800760406 /* BackpackViewController.swift */,
				AF4E3D14228476C800760406 /* BackpackDataProvider.swift */,
				AF4E3D15228476C800760406 /* BackpackDelegate.swift */,
				AF4E3D16228476C800760406 /* BackpackWireframe.swift */,
			);
			path = "Backpack Scene";
			sourceTree = "<group>";
		};
		AF4E3D2122847E9500760406 /* Cells */ = {
			isa = PBXGroup;
			children = (
				AF4E3D2222847EC400760406 /* PokemonCollectionViewCell.swift */,
				AF4E3D2322847EC400760406 /* PokemonCollectionViewCell.xib */,
			);
			path = Cells;
			sourceTree = "<group>";
		};
		AF4E3D29228487EC00760406 /* Model */ = {
			isa = PBXGroup;
			children = (
				AF4E3D2A2284880000760406 /* LocalPokemon.swift */,
				AF4E3D2C22848A0300760406 /* Pokemon.swift */,
				AF4E3D432284D4F500760406 /* ScreenPokemon.swift */,
				AF4E3D4B22856C6000760406 /* PokemonParser.swift */,
				AF4E3D4F2285742B00760406 /* Generator.swift */,
			);
			path = Model;
			sourceTree = "<group>";
		};
		AF4E3D2E22848AA800760406 /* Services */ = {
			isa = PBXGroup;
			children = (
				AF4E3D2F22848AB500760406 /* PokemonSearchService.swift */,
				AF4E3D3122848B6800760406 /* PokemonSearchEndpoint.swift */,
			);
			path = Services;
			sourceTree = "<group>";
		};
		AF4E3D352284B14200760406 /* Mocks */ = {
			isa = PBXGroup;
			children = (
				AF4E3D3A2284C4D800760406 /* Pokemon5.json */,
				AF4E3D392284C4D800760406 /* Pokemon5.png */,
				AF4E3D3C2284C4D900760406 /* Pokemon12.json */,
				AF4E3D3B2284C4D800760406 /* Pokemon12.png */,
				AF4E3D362284B16000760406 /* MockData.swift */,
				AF4E3D5522857A3000760406 /* MockServiceProvider.swift */,
			);
			path = Mocks;
			sourceTree = "<group>";
		};
		AF4E3D462284DA1C00760406 /* Views */ = {
			isa = PBXGroup;
			children = (
				AF4E3D472284DA3600760406 /* PokemonView.swift */,
				AF4E3D492284DA4800760406 /* PokemonView.xib */,
			);
			path = Views;
			sourceTree = "<group>";
		};
		AF4E3D5922858B9900760406 /* Util */ = {
			isa = PBXGroup;
			children = (
				AF4E3D5C2285B54D00760406 /* Storage.swift */,
				AFA2E02A2296935B0053F3EC /* FileStorage.swift */,
			);
			path = Util;
			sourceTree = "<group>";
		};
		AF4E3D5E2285C69400760406 /* Pokemon Detail Scene */ = {
			isa = PBXGroup;
			children = (
				AF4E3D602285C6C800760406 /* PokemonDetailPresenter.swift */,
				AF4E3D612285C6C800760406 /* PokemonDetailViewController.storyboard */,
				AF4E3D622285C6C800760406 /* PokemonDetailViewController.swift */,
				AF4E3D642285C6C800760406 /* PokemonDetailWireframe.swift */,
			);
			path = "Pokemon Detail Scene";
			sourceTree = "<group>";
		};
/* End PBXGroup section */

/* Begin PBXNativeTarget section */
		AF4E3CAF22844C2200760406 /* Pokedex */ = {
			isa = PBXNativeTarget;
			buildConfigurationList = AF4E3CD822844C2500760406 /* Build configuration list for PBXNativeTarget "Pokedex" */;
			buildPhases = (
				E3AD7B17FB31634361110D77 /* [CP] Check Pods Manifest.lock */,
				AF4E3CAC22844C2200760406 /* Sources */,
				AF4E3CAD22844C2200760406 /* Frameworks */,
				AF4E3CAE22844C2200760406 /* Resources */,
				AF4E3D28228485A600760406 /* Swift Lint Run Script */,
				89F202CDDD47F7F1CAFD8320 /* [CP] Embed Pods Frameworks */,
			);
			buildRules = (
			);
			dependencies = (
			);
			name = Pokedex;
			productName = "Wefox Pokedex";
			productReference = AF4E3CB022844C2200760406 /* Pokedex.app */;
			productType = "com.apple.product-type.application";
		};
		AF4E3CC322844C2500760406 /* PokedexTests */ = {
			isa = PBXNativeTarget;
			buildConfigurationList = AF4E3CDB22844C2500760406 /* Build configuration list for PBXNativeTarget "PokedexTests" */;
			buildPhases = (
				0C29A37461CA3EFF7B31E963 /* [CP] Check Pods Manifest.lock */,
				AF4E3CC022844C2500760406 /* Sources */,
				AF4E3CC122844C2500760406 /* Frameworks */,
				AF4E3CC222844C2500760406 /* Resources */,
			);
			buildRules = (
			);
			dependencies = (
				AF4E3CC622844C2500760406 /* PBXTargetDependency */,
			);
			name = PokedexTests;
			productName = "Wefox PokedexTests";
			productReference = AF4E3CC422844C2500760406 /* PokedexTests.xctest */;
			productType = "com.apple.product-type.bundle.unit-test";
		};
		AF4E3CCE22844C2500760406 /* PokedexUITests */ = {
			isa = PBXNativeTarget;
			buildConfigurationList = AF4E3CDE22844C2500760406 /* Build configuration list for PBXNativeTarget "PokedexUITests" */;
			buildPhases = (
				66D150E095A6D4BDEC1B2ADA /* [CP] Check Pods Manifest.lock */,
				AF4E3CCB22844C2500760406 /* Sources */,
				AF4E3CCC22844C2500760406 /* Frameworks */,
				AF4E3CCD22844C2500760406 /* Resources */,
				8DF6FE6BA402705E84BD027A /* [CP] Embed Pods Frameworks */,
			);
			buildRules = (
			);
			dependencies = (
				AF4E3CD122844C2500760406 /* PBXTargetDependency */,
			);
			name = PokedexUITests;
			productName = "Wefox PokedexUITests";
			productReference = AF4E3CCF22844C2500760406 /* PokedexUITests.xctest */;
			productType = "com.apple.product-type.bundle.ui-testing";
		};
/* End PBXNativeTarget section */

/* Begin PBXProject section */
		AF4E3CA822844C2200760406 /* Project object */ = {
			isa = PBXProject;
			attributes = {
				LastSwiftUpdateCheck = 1020;
				LastUpgradeCheck = 1240;
				ORGANIZATIONNAME = Sonomos;
				TargetAttributes = {
					AF4E3CAF22844C2200760406 = {
						CreatedOnToolsVersion = 10.2.1;
					};
					AF4E3CC322844C2500760406 = {
						CreatedOnToolsVersion = 10.2.1;
						TestTargetID = AF4E3CAF22844C2200760406;
					};
					AF4E3CCE22844C2500760406 = {
						CreatedOnToolsVersion = 10.2.1;
						TestTargetID = AF4E3CAF22844C2200760406;
					};
				};
			};
			buildConfigurationList = AF4E3CAB22844C2200760406 /* Build configuration list for PBXProject "Pokedex" */;
			compatibilityVersion = "Xcode 9.3";
			developmentRegion = en;
			hasScannedForEncodings = 0;
			knownRegions = (
				en,
				Base,
			);
			mainGroup = AF4E3CA722844C2200760406;
			productRefGroup = AF4E3CB122844C2200760406 /* Products */;
			projectDirPath = "";
			projectRoot = "";
			targets = (
				AF4E3CAF22844C2200760406 /* Pokedex */,
				AF4E3CC322844C2500760406 /* PokedexTests */,
				AF4E3CCE22844C2500760406 /* PokedexUITests */,
			);
		};
/* End PBXProject section */

/* Begin PBXResourcesBuildPhase section */
		AF4E3CAE22844C2200760406 /* Resources */ = {
			isa = PBXResourcesBuildPhase;
			buildActionMask = 2147483647;
			files = (
				AF4E3D0A228474CC00760406 /* CatchViewController.storyboard in Resources */,
				AF4E3D672285C6C800760406 /* PokemonDetailViewController.storyboard in Resources */,
				AF4E3CF5228455E100760406 /* HomeViewController.storyboard in Resources */,
				AF4E3CBE22844C2500760406 /* LaunchScreen.storyboard in Resources */,
				AF4E3D2522847EC400760406 /* PokemonCollectionViewCell.xib in Resources */,
				AF4E3D4A2284DA4800760406 /* PokemonView.xib in Resources */,
				AF4E3CBB22844C2500760406 /* Assets.xcassets in Resources */,
				AF4E3DA822870CCA00760406 /* Pokemon5.json in Resources */,
				AF4E3D1A228476C800760406 /* BackpackViewController.storyboard in Resources */,
			);
			runOnlyForDeploymentPostprocessing = 0;
		};
		AF4E3CC222844C2500760406 /* Resources */ = {
			isa = PBXResourcesBuildPhase;
			buildActionMask = 2147483647;
			files = (
				AF4E3D3D2284C4D900760406 /* Pokemon5.png in Resources */,
				AF4E3D3E2284C4D900760406 /* Pokemon5.json in Resources */,
				AF4E3D402284C4D900760406 /* Pokemon12.json in Resources */,
				AF4E3D3F2284C4D900760406 /* Pokemon12.png in Resources */,
			);
			runOnlyForDeploymentPostprocessing = 0;
		};
		AF4E3CCD22844C2500760406 /* Resources */ = {
			isa = PBXResourcesBuildPhase;
			buildActionMask = 2147483647;
			files = (
			);
			runOnlyForDeploymentPostprocessing = 0;
		};
/* End PBXResourcesBuildPhase section */

/* Begin PBXShellScriptBuildPhase section */
		0C29A37461CA3EFF7B31E963 /* [CP] Check Pods Manifest.lock */ = {
			isa = PBXShellScriptBuildPhase;
			buildActionMask = 2147483647;
			files = (
			);
			inputFileListPaths = (
			);
			inputPaths = (
				"${PODS_PODFILE_DIR_PATH}/Podfile.lock",
				"${PODS_ROOT}/Manifest.lock",
			);
			name = "[CP] Check Pods Manifest.lock";
			outputFileListPaths = (
			);
			outputPaths = (
				"$(DERIVED_FILE_DIR)/Pods-PokedexTests-checkManifestLockResult.txt",
			);
			runOnlyForDeploymentPostprocessing = 0;
			shellPath = /bin/sh;
			shellScript = "diff \"${PODS_PODFILE_DIR_PATH}/Podfile.lock\" \"${PODS_ROOT}/Manifest.lock\" > /dev/null\nif [ $? != 0 ] ; then\n    # print error to STDERR\n    echo \"error: The sandbox is not in sync with the Podfile.lock. Run 'pod install' or update your CocoaPods installation.\" >&2\n    exit 1\nfi\n# This output is used by Xcode 'outputs' to avoid re-running this script phase.\necho \"SUCCESS\" > \"${SCRIPT_OUTPUT_FILE_0}\"\n";
			showEnvVarsInLog = 0;
		};
		66D150E095A6D4BDEC1B2ADA /* [CP] Check Pods Manifest.lock */ = {
			isa = PBXShellScriptBuildPhase;
			buildActionMask = 2147483647;
			files = (
			);
			inputFileListPaths = (
			);
			inputPaths = (
				"${PODS_PODFILE_DIR_PATH}/Podfile.lock",
				"${PODS_ROOT}/Manifest.lock",
			);
			name = "[CP] Check Pods Manifest.lock";
			outputFileListPaths = (
			);
			outputPaths = (
				"$(DERIVED_FILE_DIR)/Pods-PokedexUITests-checkManifestLockResult.txt",
			);
			runOnlyForDeploymentPostprocessing = 0;
			shellPath = /bin/sh;
			shellScript = "diff \"${PODS_PODFILE_DIR_PATH}/Podfile.lock\" \"${PODS_ROOT}/Manifest.lock\" > /dev/null\nif [ $? != 0 ] ; then\n    # print error to STDERR\n    echo \"error: The sandbox is not in sync with the Podfile.lock. Run 'pod install' or update your CocoaPods installation.\" >&2\n    exit 1\nfi\n# This output is used by Xcode 'outputs' to avoid re-running this script phase.\necho \"SUCCESS\" > \"${SCRIPT_OUTPUT_FILE_0}\"\n";
			showEnvVarsInLog = 0;
		};
		89F202CDDD47F7F1CAFD8320 /* [CP] Embed Pods Frameworks */ = {
			isa = PBXShellScriptBuildPhase;
			buildActionMask = 2147483647;
			files = (
			);
			inputFileListPaths = (
				"${PODS_ROOT}/Target Support Files/Pods-Pokedex/Pods-Pokedex-frameworks-${CONFIGURATION}-input-files.xcfilelist",
			);
			name = "[CP] Embed Pods Frameworks";
			outputFileListPaths = (
				"${PODS_ROOT}/Target Support Files/Pods-Pokedex/Pods-Pokedex-frameworks-${CONFIGURATION}-output-files.xcfilelist",
			);
			runOnlyForDeploymentPostprocessing = 0;
			shellPath = /bin/sh;
			shellScript = "\"${PODS_ROOT}/Target Support Files/Pods-Pokedex/Pods-Pokedex-frameworks.sh\"\n";
			showEnvVarsInLog = 0;
		};
		8DF6FE6BA402705E84BD027A /* [CP] Embed Pods Frameworks */ = {
			isa = PBXShellScriptBuildPhase;
			buildActionMask = 2147483647;
			files = (
			);
			inputFileListPaths = (
				"${PODS_ROOT}/Target Support Files/Pods-PokedexUITests/Pods-PokedexUITests-frameworks-${CONFIGURATION}-input-files.xcfilelist",
			);
			name = "[CP] Embed Pods Frameworks";
			outputFileListPaths = (
				"${PODS_ROOT}/Target Support Files/Pods-PokedexUITests/Pods-PokedexUITests-frameworks-${CONFIGURATION}-output-files.xcfilelist",
			);
			runOnlyForDeploymentPostprocessing = 0;
			shellPath = /bin/sh;
			shellScript = "\"${PODS_ROOT}/Target Support Files/Pods-PokedexUITests/Pods-PokedexUITests-frameworks.sh\"\n";
			showEnvVarsInLog = 0;
		};
		AF4E3D28228485A600760406 /* Swift Lint Run Script */ = {
			isa = PBXShellScriptBuildPhase;
			buildActionMask = 2147483647;
			files = (
			);
			inputFileListPaths = (
			);
			inputPaths = (
			);
			name = "Swift Lint Run Script";
			outputFileListPaths = (
			);
			outputPaths = (
			);
			runOnlyForDeploymentPostprocessing = 0;
			shellPath = /bin/sh;
			shellScript = "if which swiftlint >/dev/null; then\nswiftlint --quiet\nelse\necho \"warning: SwiftLint not installed, download from https://github.com/realm/SwiftLint\"\nfi\n";
		};
		E3AD7B17FB31634361110D77 /* [CP] Check Pods Manifest.lock */ = {
			isa = PBXShellScriptBuildPhase;
			buildActionMask = 2147483647;
			files = (
			);
			inputFileListPaths = (
			);
			inputPaths = (
				"${PODS_PODFILE_DIR_PATH}/Podfile.lock",
				"${PODS_ROOT}/Manifest.lock",
			);
			name = "[CP] Check Pods Manifest.lock";
			outputFileListPaths = (
			);
			outputPaths = (
				"$(DERIVED_FILE_DIR)/Pods-Pokedex-checkManifestLockResult.txt",
			);
			runOnlyForDeploymentPostprocessing = 0;
			shellPath = /bin/sh;
			shellScript = "diff \"${PODS_PODFILE_DIR_PATH}/Podfile.lock\" \"${PODS_ROOT}/Manifest.lock\" > /dev/null\nif [ $? != 0 ] ; then\n    # print error to STDERR\n    echo \"error: The sandbox is not in sync with the Podfile.lock. Run 'pod install' or update your CocoaPods installation.\" >&2\n    exit 1\nfi\n# This output is used by Xcode 'outputs' to avoid re-running this script phase.\necho \"SUCCESS\" > \"${SCRIPT_OUTPUT_FILE_0}\"\n";
			showEnvVarsInLog = 0;
		};
/* End PBXShellScriptBuildPhase section */

/* Begin PBXSourcesBuildPhase section */
		AF4E3CAC22844C2200760406 /* Sources */ = {
			isa = PBXSourcesBuildPhase;
			buildActionMask = 2147483647;
			files = (
				AF4E3D18228476C800760406 /* BackpackPresenter.swift in Sources */,
				AF4E3D2D22848A0300760406 /* Pokemon.swift in Sources */,
				AF4E3D27228484F100760406 /* UITableViewCell+Extension.swift in Sources */,
				AF4E3D1C228476C800760406 /* BackpackDataProvider.swift in Sources */,
				AF4E3CE622844E8E00760406 /* Coordinator.swift in Sources */,
				AF4E3D422284D12A00760406 /* Notifier.swift in Sources */,
				AF4E3D19228476C800760406 /* BackpackDataSource.swift in Sources */,
				AF4E3D08228474CC00760406 /* CatchActions.swift in Sources */,
				AF4E3D502285742B00760406 /* Generator.swift in Sources */,
				AF4E3D0B228474CC00760406 /* CatchViewController.swift in Sources */,
				AF4E3CFB2284560800760406 /* Actions.swift in Sources */,
				AFA2E02B2296935B0053F3EC /* FileStorage.swift in Sources */,
				AF4E3D1B228476C800760406 /* BackpackViewController.swift in Sources */,
				AF4E3D1E228476C800760406 /* BackpackWireframe.swift in Sources */,
				AF4E3D3022848AB500760406 /* PokemonSearchService.swift in Sources */,
				AF4E3D17228476C800760406 /* BackpackActions.swift in Sources */,
				AF4E3D382284B33900760406 /* MockData.swift in Sources */,
				AF4E3D682285C6C800760406 /* PokemonDetailViewController.swift in Sources */,
				AF4E3D442284D4F500760406 /* ScreenPokemon.swift in Sources */,
				AF4E3D3222848B6800760406 /* PokemonSearchEndpoint.swift in Sources */,
				AF4E3D2B2284880000760406 /* LocalPokemon.swift in Sources */,
				AF4E3D342284B0D600760406 /* Configuration.swift in Sources */,
				AF4E3D4C22856C6000760406 /* PokemonParser.swift in Sources */,
				AF4E3CE822844E9900760406 /* DataProvider.swift in Sources */,
				AF4E3D0C228474CC00760406 /* CatchDataProvider.swift in Sources */,
				AF4E3CB422844C2200760406 /* AppDelegate.swift in Sources */,
				AF4E3D0D228474CC00760406 /* CatchWireframe.swift in Sources */,
				AF4E3CEC22844EB400760406 /* Constants.swift in Sources */,
				AF4E3CF8228455E100760406 /* HomeWireframe.swift in Sources */,
				AF4E3CFE228456C900760406 /* UIViewController+StoryboardInstantiable.swift in Sources */,
				AF4E3D5D2285B54D00760406 /* Storage.swift in Sources */,
				AF4E3CF6228455E100760406 /* HomeViewController.swift in Sources */,
				AF4E3CE422844E8200760406 /* AppController.swift in Sources */,
				AF4E3D2422847EC400760406 /* PokemonCollectionViewCell.swift in Sources */,
				AF4E3D482284DA3600760406 /* PokemonView.swift in Sources */,
				AF4E3D662285C6C800760406 /* PokemonDetailPresenter.swift in Sources */,
				AF4E3CF4228455E100760406 /* HomePresenter.swift in Sources */,
				AF4E3D6A2285C6C800760406 /* PokemonDetailWireframe.swift in Sources */,
				AF4E3CF3228455E100760406 /* HomeActions.swift in Sources */,
				AF4E3CEA22844EA700760406 /* AppData.swift in Sources */,
				AF4E3D09228474CC00760406 /* CatchPresenter.swift in Sources */,
				AF4E3D2022847C1B00760406 /* UIBarButtonItem+Extension.swift in Sources */,
				AF4E3CF7228455E100760406 /* HomeDataProvider.swift in Sources */,
				AF4E3D1D228476C800760406 /* BackpackDelegate.swift in Sources */,
				AF4E3D00228456D200760406 /* Loadable.swift in Sources */,
			);
			runOnlyForDeploymentPostprocessing = 0;
		};
		AF4E3CC022844C2500760406 /* Sources */ = {
			isa = PBXSourcesBuildPhase;
			buildActionMask = 2147483647;
			files = (
				AF4E3D5622857A3000760406 /* MockServiceProvider.swift in Sources */,
				AF4E3CC922844C2500760406 /* Wefox_PokedexTests.swift in Sources */,
				AF4E3D52228577C300760406 /* GeneratorTests.swift in Sources */,
				AF4E3D372284B16000760406 /* MockData.swift in Sources */,
				AF4E3D58228586B600760406 /* AppDataTests.swift in Sources */,
				AF4E3D542285791E00760406 /* DataProviderTests.swift in Sources */,
				AF4E3D4E22856D3800760406 /* PokemonParserTests.swift in Sources */,
			);
			runOnlyForDeploymentPostprocessing = 0;
		};
		AF4E3CCB22844C2500760406 /* Sources */ = {
			isa = PBXSourcesBuildPhase;
			buildActionMask = 2147483647;
			files = (
				AF4E3CD422844C2500760406 /* PokedexUITests.swift in Sources */,
				AFA5E44E228B668E00FC60C1 /* Server_401_Error_Test.swift in Sources */,
			);
			runOnlyForDeploymentPostprocessing = 0;
		};
/* End PBXSourcesBuildPhase section */

/* Begin PBXTargetDependency section */
		AF4E3CC622844C2500760406 /* PBXTargetDependency */ = {
			isa = PBXTargetDependency;
			target = AF4E3CAF22844C2200760406 /* Pokedex */;
			targetProxy = AF4E3CC522844C2500760406 /* PBXContainerItemProxy */;
		};
		AF4E3CD122844C2500760406 /* PBXTargetDependency */ = {
			isa = PBXTargetDependency;
			target = AF4E3CAF22844C2200760406 /* Pokedex */;
			targetProxy = AF4E3CD022844C2500760406 /* PBXContainerItemProxy */;
		};
/* End PBXTargetDependency section */

/* Begin PBXVariantGroup section */
		AF4E3CBC22844C2500760406 /* LaunchScreen.storyboard */ = {
			isa = PBXVariantGroup;
			children = (
				AF4E3CBD22844C2500760406 /* Base */,
			);
			name = LaunchScreen.storyboard;
			sourceTree = "<group>";
		};
/* End PBXVariantGroup section */

/* Begin XCBuildConfiguration section */
		AF4E3CD622844C2500760406 /* Debug */ = {
			isa = XCBuildConfiguration;
			buildSettings = {
				ALWAYS_SEARCH_USER_PATHS = NO;
				CLANG_ANALYZER_NONNULL = YES;
				CLANG_ANALYZER_NUMBER_OBJECT_CONVERSION = YES_AGGRESSIVE;
				CLANG_CXX_LANGUAGE_STANDARD = "gnu++14";
				CLANG_CXX_LIBRARY = "libc++";
				CLANG_ENABLE_MODULES = YES;
				CLANG_ENABLE_OBJC_ARC = YES;
				CLANG_ENABLE_OBJC_WEAK = YES;
				CLANG_WARN_BLOCK_CAPTURE_AUTORELEASING = YES;
				CLANG_WARN_BOOL_CONVERSION = YES;
				CLANG_WARN_COMMA = YES;
				CLANG_WARN_CONSTANT_CONVERSION = YES;
				CLANG_WARN_DEPRECATED_OBJC_IMPLEMENTATIONS = YES;
				CLANG_WARN_DIRECT_OBJC_ISA_USAGE = YES_ERROR;
				CLANG_WARN_DOCUMENTATION_COMMENTS = YES;
				CLANG_WARN_EMPTY_BODY = YES;
				CLANG_WARN_ENUM_CONVERSION = YES;
				CLANG_WARN_INFINITE_RECURSION = YES;
				CLANG_WARN_INT_CONVERSION = YES;
				CLANG_WARN_NON_LITERAL_NULL_CONVERSION = YES;
				CLANG_WARN_OBJC_IMPLICIT_RETAIN_SELF = YES;
				CLANG_WARN_OBJC_LITERAL_CONVERSION = YES;
				CLANG_WARN_OBJC_ROOT_CLASS = YES_ERROR;
				CLANG_WARN_QUOTED_INCLUDE_IN_FRAMEWORK_HEADER = YES;
				CLANG_WARN_RANGE_LOOP_ANALYSIS = YES;
				CLANG_WARN_STRICT_PROTOTYPES = YES;
				CLANG_WARN_SUSPICIOUS_MOVE = YES;
				CLANG_WARN_UNGUARDED_AVAILABILITY = YES_AGGRESSIVE;
				CLANG_WARN_UNREACHABLE_CODE = YES;
				CLANG_WARN__DUPLICATE_METHOD_MATCH = YES;
				CODE_SIGN_IDENTITY = "iPhone Developer";
				COPY_PHASE_STRIP = NO;
				DEBUG_INFORMATION_FORMAT = dwarf;
				ENABLE_STRICT_OBJC_MSGSEND = YES;
				ENABLE_TESTABILITY = YES;
				GCC_C_LANGUAGE_STANDARD = gnu11;
				GCC_DYNAMIC_NO_PIC = NO;
				GCC_NO_COMMON_BLOCKS = YES;
				GCC_OPTIMIZATION_LEVEL = 0;
				GCC_PREPROCESSOR_DEFINITIONS = (
					"DEBUG=1",
					"$(inherited)",
				);
				GCC_WARN_64_TO_32_BIT_CONVERSION = YES;
				GCC_WARN_ABOUT_RETURN_TYPE = YES_ERROR;
				GCC_WARN_UNDECLARED_SELECTOR = YES;
				GCC_WARN_UNINITIALIZED_AUTOS = YES_AGGRESSIVE;
				GCC_WARN_UNUSED_FUNCTION = YES;
				GCC_WARN_UNUSED_VARIABLE = YES;
				IPHONEOS_DEPLOYMENT_TARGET = 12.2;
				MTL_ENABLE_DEBUG_INFO = INCLUDE_SOURCE;
				MTL_FAST_MATH = YES;
				ONLY_ACTIVE_ARCH = YES;
				SDKROOT = iphoneos;
				SWIFT_ACTIVE_COMPILATION_CONDITIONS = DEBUG;
				SWIFT_OPTIMIZATION_LEVEL = "-Onone";
			};
			name = Debug;
		};
		AF4E3CD722844C2500760406 /* Release */ = {
			isa = XCBuildConfiguration;
			buildSettings = {
				ALWAYS_SEARCH_USER_PATHS = NO;
				CLANG_ANALYZER_NONNULL = YES;
				CLANG_ANALYZER_NUMBER_OBJECT_CONVERSION = YES_AGGRESSIVE;
				CLANG_CXX_LANGUAGE_STANDARD = "gnu++14";
				CLANG_CXX_LIBRARY = "libc++";
				CLANG_ENABLE_MODULES = YES;
				CLANG_ENABLE_OBJC_ARC = YES;
				CLANG_ENABLE_OBJC_WEAK = YES;
				CLANG_WARN_BLOCK_CAPTURE_AUTORELEASING = YES;
				CLANG_WARN_BOOL_CONVERSION = YES;
				CLANG_WARN_COMMA = YES;
				CLANG_WARN_CONSTANT_CONVERSION = YES;
				CLANG_WARN_DEPRECATED_OBJC_IMPLEMENTATIONS = YES;
				CLANG_WARN_DIRECT_OBJC_ISA_USAGE = YES_ERROR;
				CLANG_WARN_DOCUMENTATION_COMMENTS = YES;
				CLANG_WARN_EMPTY_BODY = YES;
				CLANG_WARN_ENUM_CONVERSION = YES;
				CLANG_WARN_INFINITE_RECURSION = YES;
				CLANG_WARN_INT_CONVERSION = YES;
				CLANG_WARN_NON_LITERAL_NULL_CONVERSION = YES;
				CLANG_WARN_OBJC_IMPLICIT_RETAIN_SELF = YES;
				CLANG_WARN_OBJC_LITERAL_CONVERSION = YES;
				CLANG_WARN_OBJC_ROOT_CLASS = YES_ERROR;
				CLANG_WARN_QUOTED_INCLUDE_IN_FRAMEWORK_HEADER = YES;
				CLANG_WARN_RANGE_LOOP_ANALYSIS = YES;
				CLANG_WARN_STRICT_PROTOTYPES = YES;
				CLANG_WARN_SUSPICIOUS_MOVE = YES;
				CLANG_WARN_UNGUARDED_AVAILABILITY = YES_AGGRESSIVE;
				CLANG_WARN_UNREACHABLE_CODE = YES;
				CLANG_WARN__DUPLICATE_METHOD_MATCH = YES;
				CODE_SIGN_IDENTITY = "iPhone Developer";
				COPY_PHASE_STRIP = NO;
				DEBUG_INFORMATION_FORMAT = "dwarf-with-dsym";
				ENABLE_NS_ASSERTIONS = NO;
				ENABLE_STRICT_OBJC_MSGSEND = YES;
				GCC_C_LANGUAGE_STANDARD = gnu11;
				GCC_NO_COMMON_BLOCKS = YES;
				GCC_WARN_64_TO_32_BIT_CONVERSION = YES;
				GCC_WARN_ABOUT_RETURN_TYPE = YES_ERROR;
				GCC_WARN_UNDECLARED_SELECTOR = YES;
				GCC_WARN_UNINITIALIZED_AUTOS = YES_AGGRESSIVE;
				GCC_WARN_UNUSED_FUNCTION = YES;
				GCC_WARN_UNUSED_VARIABLE = YES;
				IPHONEOS_DEPLOYMENT_TARGET = 12.2;
				MTL_ENABLE_DEBUG_INFO = NO;
				MTL_FAST_MATH = YES;
				SDKROOT = iphoneos;
				SWIFT_COMPILATION_MODE = wholemodule;
				SWIFT_OPTIMIZATION_LEVEL = "-O";
				VALIDATE_PRODUCT = YES;
			};
			name = Release;
		};
		AF4E3CD922844C2500760406 /* Debug */ = {
			isa = XCBuildConfiguration;
			baseConfigurationReference = A10D142857DF67FFCE572FAA /* Pods-Pokedex.debug.xcconfig */;
			buildSettings = {
				ASSETCATALOG_COMPILER_APPICON_NAME = AppIcon;
				CODE_SIGN_STYLE = Automatic;
				DEVELOPMENT_TEAM = 5SN6JNR47Z;
				INFOPLIST_FILE = Pokedex/Info.plist;
				IPHONEOS_DEPLOYMENT_TARGET = 14.4;
				LD_RUNPATH_SEARCH_PATHS = (
					"$(inherited)",
					"@executable_path/Frameworks",
				);
				PRODUCT_BUNDLE_IDENTIFIER = com.sonomos.Pokedex;
				PRODUCT_NAME = "$(TARGET_NAME)";
				SWIFT_VERSION = 5.0;
				TARGETED_DEVICE_FAMILY = 1;
			};
			name = Debug;
		};
		AF4E3CDA22844C2500760406 /* Release */ = {
			isa = XCBuildConfiguration;
			baseConfigurationReference = 3D2C61663FE27322EA7A0180 /* Pods-Pokedex.release.xcconfig */;
			buildSettings = {
				ASSETCATALOG_COMPILER_APPICON_NAME = AppIcon;
				CODE_SIGN_STYLE = Automatic;
				DEVELOPMENT_TEAM = 5SN6JNR47Z;
				INFOPLIST_FILE = Pokedex/Info.plist;
				IPHONEOS_DEPLOYMENT_TARGET = 14.4;
				LD_RUNPATH_SEARCH_PATHS = (
					"$(inherited)",
					"@executable_path/Frameworks",
				);
				PRODUCT_BUNDLE_IDENTIFIER = com.sonomos.Pokedex;
				PRODUCT_NAME = "$(TARGET_NAME)";
				SWIFT_VERSION = 5.0;
				TARGETED_DEVICE_FAMILY = 1;
			};
			name = Release;
		};
		AF4E3CDC22844C2500760406 /* Debug */ = {
			isa = XCBuildConfiguration;
			baseConfigurationReference = 8B54374941D943AB0FC4604E /* Pods-PokedexTests.debug.xcconfig */;
			buildSettings = {
				BUNDLE_LOADER = "$(TEST_HOST)";
				CODE_SIGN_STYLE = Automatic;
				DEVELOPMENT_TEAM = 5SN6JNR47Z;
				INFOPLIST_FILE = PokedexTests/Info.plist;
				IPHONEOS_DEPLOYMENT_TARGET = 14.4;
				LD_RUNPATH_SEARCH_PATHS = (
					"$(inherited)",
					"@executable_path/Frameworks",
					"@loader_path/Frameworks",
				);
				PRODUCT_BUNDLE_IDENTIFIER = com.sonomos.PokedexTests;
				PRODUCT_NAME = "$(TARGET_NAME)";
				SWIFT_VERSION = 5.0;
				TARGETED_DEVICE_FAMILY = 1;
				TEST_HOST = "$(BUILT_PRODUCTS_DIR)/Pokedex.app/Pokedex";
			};
			name = Debug;
		};
		AF4E3CDD22844C2500760406 /* Release */ = {
			isa = XCBuildConfiguration;
			baseConfigurationReference = 129FDFE7FF8ECBDFE9FE0580 /* Pods-PokedexTests.release.xcconfig */;
			buildSettings = {
				BUNDLE_LOADER = "$(TEST_HOST)";
				CODE_SIGN_STYLE = Automatic;
				DEVELOPMENT_TEAM = 5SN6JNR47Z;
				INFOPLIST_FILE = PokedexTests/Info.plist;
				IPHONEOS_DEPLOYMENT_TARGET = 14.4;
				LD_RUNPATH_SEARCH_PATHS = (
					"$(inherited)",
					"@executable_path/Frameworks",
					"@loader_path/Frameworks",
				);
				PRODUCT_BUNDLE_IDENTIFIER = com.sonomos.PokedexTests;
				PRODUCT_NAME = "$(TARGET_NAME)";
				SWIFT_VERSION = 5.0;
				TARGETED_DEVICE_FAMILY = 1;
				TEST_HOST = "$(BUILT_PRODUCTS_DIR)/Pokedex.app/Pokedex";
			};
			name = Release;
		};
		AF4E3CDF22844C2500760406 /* Debug */ = {
			isa = XCBuildConfiguration;
			baseConfigurationReference = A5A63A537CCAA3663D1B10B9 /* Pods-PokedexUITests.debug.xcconfig */;
			buildSettings = {
				CODE_SIGN_STYLE = Automatic;
				DEVELOPMENT_TEAM = 5SN6JNR47Z;
				INFOPLIST_FILE = PokedexUITests/Info.plist;
				IPHONEOS_DEPLOYMENT_TARGET = 14.4;
				LD_RUNPATH_SEARCH_PATHS = (
					"$(inherited)",
					"@executable_path/Frameworks",
					"@loader_path/Frameworks",
				);
				PRODUCT_BUNDLE_IDENTIFIER = com.sonomos.PokedexUITests;
				PRODUCT_NAME = "$(TARGET_NAME)";
				PROVISIONING_PROFILE = "";
				SWIFT_VERSION = 5.0;
				TARGETED_DEVICE_FAMILY = 1;
				TEST_TARGET_NAME = Pokedex;
			};
			name = Debug;
		};
		AF4E3CE022844C2500760406 /* Release */ = {
			isa = XCBuildConfiguration;
			baseConfigurationReference = 57B0C9DCFDD0E9EA2CC4304F /* Pods-PokedexUITests.release.xcconfig */;
			buildSettings = {
				CODE_SIGN_STYLE = Automatic;
				DEVELOPMENT_TEAM = 5SN6JNR47Z;
				INFOPLIST_FILE = PokedexUITests/Info.plist;
				IPHONEOS_DEPLOYMENT_TARGET = 14.4;
				LD_RUNPATH_SEARCH_PATHS = (
					"$(inherited)",
					"@executable_path/Frameworks",
					"@loader_path/Frameworks",
				);
				PRODUCT_BUNDLE_IDENTIFIER = com.sonomos.PokedexUITests;
				PRODUCT_NAME = "$(TARGET_NAME)";
				PROVISIONING_PROFILE = "";
				SWIFT_VERSION = 5.0;
				TARGETED_DEVICE_FAMILY = 1;
				TEST_TARGET_NAME = Pokedex;
			};
			name = Release;
		};
/* End XCBuildConfiguration section */

/* Begin XCConfigurationList section */
		AF4E3CAB22844C2200760406 /* Build configuration list for PBXProject "Pokedex" */ = {
			isa = XCConfigurationList;
			buildConfigurations = (
				AF4E3CD622844C2500760406 /* Debug */,
				AF4E3CD722844C2500760406 /* Release */,
			);
			defaultConfigurationIsVisible = 0;
			defaultConfigurationName = Release;
		};
		AF4E3CD822844C2500760406 /* Build configuration list for PBXNativeTarget "Pokedex" */ = {
			isa = XCConfigurationList;
			buildConfigurations = (
				AF4E3CD922844C2500760406 /* Debug */,
				AF4E3CDA22844C2500760406 /* Release */,
			);
			defaultConfigurationIsVisible = 0;
			defaultConfigurationName = Release;
		};
		AF4E3CDB22844C2500760406 /* Build configuration list for PBXNativeTarget "PokedexTests" */ = {
			isa = XCConfigurationList;
			buildConfigurations = (
				AF4E3CDC22844C2500760406 /* Debug */,
				AF4E3CDD22844C2500760406 /* Release */,
			);
			defaultConfigurationIsVisible = 0;
			defaultConfigurationName = Release;
		};
		AF4E3CDE22844C2500760406 /* Build configuration list for PBXNativeTarget "PokedexUITests" */ = {
			isa = XCConfigurationList;
			buildConfigurations = (
				AF4E3CDF22844C2500760406 /* Debug */,
				AF4E3CE022844C2500760406 /* Release */,
			);
			defaultConfigurationIsVisible = 0;
			defaultConfigurationName = Release;
		};
/* End XCConfigurationList section */
	};
	rootObject = AF4E3CA822844C2200760406 /* Project object */;
}
